
Microsoft Visual Studio Solution File, Format Version 12.00
Project("{FAE04EC0-301F-11D3-BF4B-00C04F79EFBC}") = "PruebaInicial", "PruebaInicial.csproj", "{B4171936-B953-47E0-9763-9FDC9822A92E}"
EndProject
Project("{FAE04EC0-301F-11D3-BF4B-00C04F79EFBC}") = "PruebaInicial.Tests", "..\PruebaInicial.Tests\PruebaInicial.Tests.csproj", "{E09CB0B2-4FA7-4370-B395-384A8902584D}"
EndProject
Global
	GlobalSection(SolutionConfigurationPlatforms) = preSolution
		Debug|Any CPU = Debug|Any CPU
		Release|Any CPU = Release|Any CPU
	EndGlobalSection
	GlobalSection(ProjectConfigurationPlatforms) = postSolution
		{B4171936-B953-47E0-9763-9FDC9822A92E}.Debug|Any CPU.ActiveCfg = Debug|Any CPU
		{B4171936-B953-47E0-9763-9FDC9822A92E}.Debug|Any CPU.Build.0 = Debug|Any CPU
		{B4171936-B953-47E0-9763-9FDC9822A92E}.Release|Any CPU.ActiveCfg = Release|Any CPU
		{B4171936-B953-47E0-9763-9FDC9822A92E}.Release|Any CPU.Build.0 = Release|Any CPU
		{E09CB0B2-4FA7-4370-B395-384A8902584D}.Debug|Any CPU.ActiveCfg = Debug|Any CPU
		{E09CB0B2-4FA7-4370-B395-384A8902584D}.Debug|Any CPU.Build.0 = Debug|Any CPU
		{E09CB0B2-4FA7-4370-B395-384A8902584D}.Release|Any CPU.ActiveCfg = Release|Any CPU
		{E09CB0B2-4FA7-4370-B395-384A8902584D}.Release|Any CPU.Build.0 = Release|Any CPU
	EndGlobalSection
EndGlobal
